{
  "name": "hz-range",
  "version": "1.0.0",
  "lockfileVersion": 1,
  "requires": true,
  "dependencies": {
    "@webcomponents/custom-elements": {
      "version": "1.0.6",
      "resolved": "https://registry.npmjs.org/@webcomponents/custom-elements/-/custom-elements-1.0.6.tgz",
      "integrity": "sha512-ui44vEHIMkt0tpx+CPU0kRcL7afhdAzqcnglgGrGfIJ7AUcdrJMzLpA54Lcos4tsvEIBsmei26716k5eXbo18w=="
    },
    "@webcomponents/shadycss": {
      "version": "1.1.0",
      "resolved": "https://registry.npmjs.org/@webcomponents/shadycss/-/shadycss-1.1.0.tgz",
      "integrity": "sha512-BtnVvNBTyB3f519KW/rSSXsYe2Nz6pLhMyLMFTS/t4IsqWRsWd5IZNqmY+Ic0a5XbD1B7anKaIWEaCM5b65W0w=="
    },
    "@webcomponents/shadydom": {
      "version": "1.0.8",
      "resolved": "https://registry.npmjs.org/@webcomponents/shadydom/-/shadydom-1.0.8.tgz",
      "integrity": "sha512-KdxAr+Q1tYvQplRFDocygPcsi5Z6ylX7h029raTeV8cVhTSNOge/j2euwcLkXbZyMhsQNN0ebX+Mo4amJ3ComQ=="
    },
    "bigfoot-ui": {
      "version": "0.0.1-alfa-0.2",
      "resolved": "https://registry.npmjs.org/bigfoot-ui/-/bigfoot-ui-0.0.1-alfa-0.2.tgz",
      "integrity": "sha512-9R+JlL9Ypg927A9j95M3l9V5hUqsi1TUMbAhZ+B52M+eAAqtz33cUW6nbahoEV6Xwv2HILddZREmk2YrDb7S7w==",
      "requires": {
        "@webcomponents/custom-elements": "1.0.6",
        "@webcomponents/shadycss": "1.1.0",
        "@webcomponents/shadydom": "1.0.8",
        "lit-html": "0.7.1"
      }
    },
    "lit-html": {
      "version": "0.7.1",
      "resolved": "https://registry.npmjs.org/lit-html/-/lit-html-0.7.1.tgz",
      "integrity": "sha512-8L4kJaaE2sMUtaAOPr75tsgAakNIGUtroHsW4KpMO0LtLpjJXPt0WkS7guY3PB0MhM9mvIOCY/D9KamPB7GnDw=="
    }
  }
}
